
Microsoft Visual Studio Solution File, Format Version 12.00
# Visual Studio Version 17
VisualStudioVersion = 17.5.33530.505
MinimumVisualStudioVersion = 10.0.40219.1
Project("{9A19103F-16F7-4668-BE54-9A1E7A4F7556}") = "RecipeSolverAPI", "RecipeSolverAPI.csproj", "{D373E1F8-9BF7-4794-993E-04BAA2935ADC}"
EndProject
Global
	GlobalSection(SolutionConfigurationPlatforms) = preSolution
		Debug|Any CPU = Debug|Any CPU
		Release|Any CPU = Release|Any CPU
	EndGlobalSection
	GlobalSection(ProjectConfigurationPlatforms) = postSolution
		{D373E1F8-9BF7-4794-993E-04BAA2935ADC}.Debug|Any CPU.ActiveCfg = Debug|Any CPU
		{D373E1F8-9BF7-4794-993E-04BAA2935ADC}.Debug|Any CPU.Build.0 = Debug|Any CPU
		{D373E1F8-9BF7-4794-993E-04BAA2935ADC}.Release|Any CPU.ActiveCfg = Release|Any CPU
		{D373E1F8-9BF7-4794-993E-04BAA2935ADC}.Release|Any CPU.Build.0 = Release|Any CPU
	EndGlobalSection
	GlobalSection(SolutionProperties) = preSolution
		HideSolutionNode = FALSE
	EndGlobalSection
	GlobalSection(ExtensibilityGlobals) = postSolution
		SolutionGuid = {C67D0E21-87BD-486E-9EA6-0A742A381AFA}
	EndGlobalSection
EndGlobal
